# This file is generated by running "yarn install" inside your project.
# Manual changes might be lost - proceed with caution!

__metadata:
  version: 8
  cacheKey: 10c0

"htmx.org@npm:2.0.4":
  version: 2.0.4
  resolution: "htmx.org@npm:2.0.4"
  checksum: 10c0/15c5405f28d9768eb343569af940ec1bc6ff3181925c105611a053699ef53f05af3c4e0709790339139f0633f50b7c7a959f85b38366f6ec3149a62ead5dd2b1
  languageName: node
  linkType: hard

"root-workspace-0b6124@workspace:.":
  version: 0.0.0-use.local
  resolution: "root-workspace-0b6124@workspace:."
  dependencies:
    htmx.org: "npm:2.0.4"
  languageName: unknown
  linkType: soft
