# This file is generated by running "yarn install" inside your project.
# Manual changes might be lost - proceed with caution!

__metadata:
  version: 8
  cacheKey: 10c0

"@hpcc-js/wasm@npm:2.21.0, @hpcc-js/wasm@npm:^2.20.0":
  version: 2.21.0
  resolution: "@hpcc-js/wasm@npm:2.21.0"
  dependencies:
    yargs: "npm:17.7.2"
  bin:
    dot-wasm: node ./node_modules/@hpcc-js/wasm-graphviz-cli/bin/index.js
  checksum: 10c0/34e86d7f76957b02f4c5581c2500207ebff9d6d908107371999a6f5728d169cbf2ff32c89ba4709adaf97caf905478d288a01f622a3d1b44928247918271c153
  languageName: node
  linkType: hard

"ansi-regex@npm:^5.0.1":
  version: 5.0.1
  resolution: "ansi-regex@npm:5.0.1"
  checksum: 10c0/9a64bb8627b434ba9327b60c027742e5d17ac69277960d041898596271d992d4d52ba7267a63ca10232e29f6107fc8a835f6ce8d719b88c5f8493f8254813737
  languageName: node
  linkType: hard

"ansi-styles@npm:^4.0.0":
  version: 4.3.0
  resolution: "ansi-styles@npm:4.3.0"
  dependencies:
    color-convert: "npm:^2.0.1"
  checksum: 10c0/895a23929da416f2bd3de7e9cb4eabd340949328ab85ddd6e484a637d8f6820d485f53933446f5291c3b760cbc488beb8e88573dd0f9c7daf83dccc8fe81b041
  languageName: node
  linkType: hard

"cliui@npm:^8.0.1":
  version: 8.0.1
  resolution: "cliui@npm:8.0.1"
  dependencies:
    string-width: "npm:^4.2.0"
    strip-ansi: "npm:^6.0.1"
    wrap-ansi: "npm:^7.0.0"
  checksum: 10c0/4bda0f09c340cbb6dfdc1ed508b3ca080f12992c18d68c6be4d9cf51756033d5266e61ec57529e610dacbf4da1c634423b0c1b11037709cc6b09045cbd815df5
  languageName: node
  linkType: hard

"color-convert@npm:^2.0.1":
  version: 2.0.1
  resolution: "color-convert@npm:2.0.1"
  dependencies:
    color-name: "npm:~1.1.4"
  checksum: 10c0/37e1150172f2e311fe1b2df62c6293a342ee7380da7b9cfdba67ea539909afbd74da27033208d01d6d5cfc65ee7868a22e18d7e7648e004425441c0f8a15a7d7
  languageName: node
  linkType: hard

"color-name@npm:~1.1.4":
  version: 1.1.4
  resolution: "color-name@npm:1.1.4"
  checksum: 10c0/a1a3f914156960902f46f7f56bc62effc6c94e84b2cae157a526b1c1f74b677a47ec602bf68a61abfa2b42d15b7c5651c6dbe72a43af720bc588dff885b10f95
  languageName: node
  linkType: hard

"commander@npm:7":
  version: 7.2.0
  resolution: "commander@npm:7.2.0"
  checksum: 10c0/8d690ff13b0356df7e0ebbe6c59b4712f754f4b724d4f473d3cc5b3fdcf978e3a5dc3078717858a2ceb50b0f84d0660a7f22a96cdc50fb877d0c9bb31593d23a
  languageName: node
  linkType: hard

"d3-array@npm:2 - 3, d3-array@npm:2.10.0 - 3, d3-array@npm:2.5.0 - 3, d3-array@npm:3, d3-array@npm:^3.2.0":
  version: 3.2.4
  resolution: "d3-array@npm:3.2.4"
  dependencies:
    internmap: "npm:1 - 2"
  checksum: 10c0/08b95e91130f98c1375db0e0af718f4371ccacef7d5d257727fe74f79a24383e79aba280b9ffae655483ffbbad4fd1dec4ade0119d88c4749f388641c8bf8c50
  languageName: node
  linkType: hard

"d3-axis@npm:3":
  version: 3.0.0
  resolution: "d3-axis@npm:3.0.0"
  checksum: 10c0/a271e70ba1966daa5aaf6a7f959ceca3e12997b43297e757c7b945db2e1ead3c6ee226f2abcfa22abbd4e2e28bd2b71a0911794c4e5b911bbba271328a582c78
  languageName: node
  linkType: hard

"d3-brush@npm:3":
  version: 3.0.0
  resolution: "d3-brush@npm:3.0.0"
  dependencies:
    d3-dispatch: "npm:1 - 3"
    d3-drag: "npm:2 - 3"
    d3-interpolate: "npm:1 - 3"
    d3-selection: "npm:3"
    d3-transition: "npm:3"
  checksum: 10c0/07baf00334c576da2f68a91fc0da5732c3a5fa19bd3d7aed7fd24d1d674a773f71a93e9687c154176f7246946194d77c48c2d8fed757f5dcb1a4740067ec50a8
  languageName: node
  linkType: hard

"d3-chord@npm:3":
  version: 3.0.1
  resolution: "d3-chord@npm:3.0.1"
  dependencies:
    d3-path: "npm:1 - 3"
  checksum: 10c0/baa6013914af3f4fe1521f0d16de31a38eb8a71d08ff1dec4741f6f45a828661e5cd3935e39bd14e3032bdc78206c283ca37411da21d46ec3cfc520be6e7a7ce
  languageName: node
  linkType: hard

"d3-color@npm:1 - 3, d3-color@npm:3":
  version: 3.1.0
  resolution: "d3-color@npm:3.1.0"
  checksum: 10c0/a4e20e1115fa696fce041fbe13fbc80dc4c19150fa72027a7c128ade980bc0eeeba4bcf28c9e21f0bce0e0dbfe7ca5869ef67746541dcfda053e4802ad19783c
  languageName: node
  linkType: hard

"d3-contour@npm:4":
  version: 4.0.2
  resolution: "d3-contour@npm:4.0.2"
  dependencies:
    d3-array: "npm:^3.2.0"
  checksum: 10c0/98bc5fbed6009e08707434a952076f39f1cd6ed8b9288253cc3e6a3286e4e80c63c62d84954b20e64bf6e4ededcc69add54d3db25e990784a59c04edd3449032
  languageName: node
  linkType: hard

"d3-delaunay@npm:6":
  version: 6.0.4
  resolution: "d3-delaunay@npm:6.0.4"
  dependencies:
    delaunator: "npm:5"
  checksum: 10c0/57c3aecd2525664b07c4c292aa11cf49b2752c0cf3f5257f752999399fe3c592de2d418644d79df1f255471eec8057a9cc0c3062ed7128cb3348c45f69597754
  languageName: node
  linkType: hard

"d3-dispatch@npm:1 - 3, d3-dispatch@npm:3, d3-dispatch@npm:^3.0.1":
  version: 3.0.1
  resolution: "d3-dispatch@npm:3.0.1"
  checksum: 10c0/6eca77008ce2dc33380e45d4410c67d150941df7ab45b91d116dbe6d0a3092c0f6ac184dd4602c796dc9e790222bad3ff7142025f5fd22694efe088d1d941753
  languageName: node
  linkType: hard

"d3-drag@npm:2 - 3, d3-drag@npm:3":
  version: 3.0.0
  resolution: "d3-drag@npm:3.0.0"
  dependencies:
    d3-dispatch: "npm:1 - 3"
    d3-selection: "npm:3"
  checksum: 10c0/d2556e8dc720741a443b595a30af403dd60642dfd938d44d6e9bfc4c71a962142f9a028c56b61f8b4790b65a34acad177d1263d66f103c3c527767b0926ef5aa
  languageName: node
  linkType: hard

"d3-dsv@npm:1 - 3, d3-dsv@npm:3":
  version: 3.0.1
  resolution: "d3-dsv@npm:3.0.1"
  dependencies:
    commander: "npm:7"
    iconv-lite: "npm:0.6"
    rw: "npm:1"
  bin:
    csv2json: bin/dsv2json.js
    csv2tsv: bin/dsv2dsv.js
    dsv2dsv: bin/dsv2dsv.js
    dsv2json: bin/dsv2json.js
    json2csv: bin/json2dsv.js
    json2dsv: bin/json2dsv.js
    json2tsv: bin/json2dsv.js
    tsv2csv: bin/dsv2dsv.js
    tsv2json: bin/dsv2json.js
  checksum: 10c0/10e6af9e331950ed258f34ab49ac1b7060128ef81dcf32afc790bd1f7e8c3cc2aac7f5f875250a83f21f39bb5925fbd0872bb209f8aca32b3b77d32bab8a65ab
  languageName: node
  linkType: hard

"d3-ease@npm:1 - 3, d3-ease@npm:3":
  version: 3.0.1
  resolution: "d3-ease@npm:3.0.1"
  checksum: 10c0/fec8ef826c0cc35cda3092c6841e07672868b1839fcaf556e19266a3a37e6bc7977d8298c0fcb9885e7799bfdcef7db1baaba9cd4dcf4bc5e952cf78574a88b0
  languageName: node
  linkType: hard

"d3-fetch@npm:3":
  version: 3.0.1
  resolution: "d3-fetch@npm:3.0.1"
  dependencies:
    d3-dsv: "npm:1 - 3"
  checksum: 10c0/4f467a79bf290395ac0cbb5f7562483f6a18668adc4c8eb84c9d3eff048b6f6d3b6f55079ba1ebf1908dabe000c941d46be447f8d78453b2dad5fb59fb6aa93b
  languageName: node
  linkType: hard

"d3-force@npm:3":
  version: 3.0.0
  resolution: "d3-force@npm:3.0.0"
  dependencies:
    d3-dispatch: "npm:1 - 3"
    d3-quadtree: "npm:1 - 3"
    d3-timer: "npm:1 - 3"
  checksum: 10c0/220a16a1a1ac62ba56df61028896e4b52be89c81040d20229c876efc8852191482c233f8a52bb5a4e0875c321b8e5cb6413ef3dfa4d8fe79eeb7d52c587f52cf
  languageName: node
  linkType: hard

"d3-format@npm:1 - 3, d3-format@npm:3, d3-format@npm:^3.1.0":
  version: 3.1.0
  resolution: "d3-format@npm:3.1.0"
  checksum: 10c0/049f5c0871ebce9859fc5e2f07f336b3c5bfff52a2540e0bac7e703fce567cd9346f4ad1079dd18d6f1e0eaa0599941c1810898926f10ac21a31fd0a34b4aa75
  languageName: node
  linkType: hard

"d3-geo@npm:3":
  version: 3.1.1
  resolution: "d3-geo@npm:3.1.1"
  dependencies:
    d3-array: "npm:2.5.0 - 3"
  checksum: 10c0/d32270dd2dc8ac3ea63e8805d63239c4c8ec6c0d339d73b5e5a30a87f8f54db22a78fb434369799465eae169503b25f9a107c642c8a16c32a3285bc0e6d8e8c1
  languageName: node
  linkType: hard

"d3-graphviz@npm:5.6.0":
  version: 5.6.0
  resolution: "d3-graphviz@npm:5.6.0"
  dependencies:
    "@hpcc-js/wasm": "npm:^2.20.0"
    d3-dispatch: "npm:^3.0.1"
    d3-format: "npm:^3.1.0"
    d3-interpolate: "npm:^3.0.1"
    d3-path: "npm:^3.1.0"
    d3-timer: "npm:^3.0.1"
    d3-transition: "npm:^3.0.1"
    d3-zoom: "npm:^3.0.0"
  peerDependencies:
    d3-selection: ^3.0.0
  checksum: 10c0/ffbe5facb35cfe80b9bc1985acbd1facdab180c0eb0cfaccaf6f662e9f1d6be6bd8d20539a5fa04f555075b0c511154ebb567e96335b9d3283874f9f3b5b2744
  languageName: node
  linkType: hard

"d3-hierarchy@npm:3":
  version: 3.1.2
  resolution: "d3-hierarchy@npm:3.1.2"
  checksum: 10c0/6dcdb480539644aa7fc0d72dfc7b03f99dfbcdf02714044e8c708577e0d5981deb9d3e99bbbb2d26422b55bcc342ac89a0fa2ea6c9d7302e2fc0951dd96f89cf
  languageName: node
  linkType: hard

"d3-interpolate@npm:1 - 3, d3-interpolate@npm:1.2.0 - 3, d3-interpolate@npm:3, d3-interpolate@npm:^3.0.1":
  version: 3.0.1
  resolution: "d3-interpolate@npm:3.0.1"
  dependencies:
    d3-color: "npm:1 - 3"
  checksum: 10c0/19f4b4daa8d733906671afff7767c19488f51a43d251f8b7f484d5d3cfc36c663f0a66c38fe91eee30f40327443d799be17169f55a293a3ba949e84e57a33e6a
  languageName: node
  linkType: hard

"d3-path@npm:1 - 3, d3-path@npm:3, d3-path@npm:^3.1.0":
  version: 3.1.0
  resolution: "d3-path@npm:3.1.0"
  checksum: 10c0/dc1d58ec87fa8319bd240cf7689995111a124b141428354e9637aa83059eb12e681f77187e0ada5dedfce346f7e3d1f903467ceb41b379bfd01cd8e31721f5da
  languageName: node
  linkType: hard

"d3-polygon@npm:3":
  version: 3.0.1
  resolution: "d3-polygon@npm:3.0.1"
  checksum: 10c0/e236aa7f33efa9a4072907af7dc119f85b150a0716759d4fe5f12f62573018264a6cbde8617fbfa6944a7ae48c1c0c8d3f39ae72e11f66dd471e9b5e668385df
  languageName: node
  linkType: hard

"d3-quadtree@npm:1 - 3, d3-quadtree@npm:3":
  version: 3.0.1
  resolution: "d3-quadtree@npm:3.0.1"
  checksum: 10c0/18302d2548bfecaef788152397edec95a76400fd97d9d7f42a089ceb68d910f685c96579d74e3712d57477ed042b056881b47cd836a521de683c66f47ce89090
  languageName: node
  linkType: hard

"d3-random@npm:3":
  version: 3.0.1
  resolution: "d3-random@npm:3.0.1"
  checksum: 10c0/987a1a1bcbf26e6cf01fd89d5a265b463b2cea93560fc17d9b1c45e8ed6ff2db5924601bcceb808de24c94133f000039eb7fa1c469a7a844ccbf1170cbb25b41
  languageName: node
  linkType: hard

"d3-scale-chromatic@npm:3":
  version: 3.1.0
  resolution: "d3-scale-chromatic@npm:3.1.0"
  dependencies:
    d3-color: "npm:1 - 3"
    d3-interpolate: "npm:1 - 3"
  checksum: 10c0/9a3f4671ab0b971f4a411b42180d7cf92bfe8e8584e637ce7e698d705e18d6d38efbd20ec64f60cc0dfe966c20d40fc172565bc28aaa2990c0a006360eed91af
  languageName: node
  linkType: hard

"d3-scale@npm:4":
  version: 4.0.2
  resolution: "d3-scale@npm:4.0.2"
  dependencies:
    d3-array: "npm:2.10.0 - 3"
    d3-format: "npm:1 - 3"
    d3-interpolate: "npm:1.2.0 - 3"
    d3-time: "npm:2.1.1 - 3"
    d3-time-format: "npm:2 - 4"
  checksum: 10c0/65d9ad8c2641aec30ed5673a7410feb187a224d6ca8d1a520d68a7d6eac9d04caedbff4713d1e8545be33eb7fec5739983a7ab1d22d4e5ad35368c6729d362f1
  languageName: node
  linkType: hard

"d3-selection@npm:2 - 3, d3-selection@npm:3":
  version: 3.0.0
  resolution: "d3-selection@npm:3.0.0"
  checksum: 10c0/e59096bbe8f0cb0daa1001d9bdd6dbc93a688019abc97d1d8b37f85cd3c286a6875b22adea0931b0c88410d025563e1643019161a883c516acf50c190a11b56b
  languageName: node
  linkType: hard

"d3-shape@npm:3":
  version: 3.2.0
  resolution: "d3-shape@npm:3.2.0"
  dependencies:
    d3-path: "npm:^3.1.0"
  checksum: 10c0/f1c9d1f09926daaf6f6193ae3b4c4b5521e81da7d8902d24b38694517c7f527ce3c9a77a9d3a5722ad1e3ff355860b014557b450023d66a944eabf8cfde37132
  languageName: node
  linkType: hard

"d3-time-format@npm:2 - 4, d3-time-format@npm:4":
  version: 4.1.0
  resolution: "d3-time-format@npm:4.1.0"
  dependencies:
    d3-time: "npm:1 - 3"
  checksum: 10c0/735e00fb25a7fd5d418fac350018713ae394eefddb0d745fab12bbff0517f9cdb5f807c7bbe87bb6eeb06249662f8ea84fec075f7d0cd68609735b2ceb29d206
  languageName: node
  linkType: hard

"d3-time@npm:1 - 3, d3-time@npm:2.1.1 - 3, d3-time@npm:3":
  version: 3.1.0
  resolution: "d3-time@npm:3.1.0"
  dependencies:
    d3-array: "npm:2 - 3"
  checksum: 10c0/a984f77e1aaeaa182679b46fbf57eceb6ebdb5f67d7578d6f68ef933f8eeb63737c0949991618a8d29472dbf43736c7d7f17c452b2770f8c1271191cba724ca1
  languageName: node
  linkType: hard

"d3-timer@npm:1 - 3, d3-timer@npm:3, d3-timer@npm:^3.0.1":
  version: 3.0.1
  resolution: "d3-timer@npm:3.0.1"
  checksum: 10c0/d4c63cb4bb5461d7038aac561b097cd1c5673969b27cbdd0e87fa48d9300a538b9e6f39b4a7f0e3592ef4f963d858c8a9f0e92754db73116770856f2fc04561a
  languageName: node
  linkType: hard

"d3-transition@npm:2 - 3, d3-transition@npm:3, d3-transition@npm:^3.0.1":
  version: 3.0.1
  resolution: "d3-transition@npm:3.0.1"
  dependencies:
    d3-color: "npm:1 - 3"
    d3-dispatch: "npm:1 - 3"
    d3-ease: "npm:1 - 3"
    d3-interpolate: "npm:1 - 3"
    d3-timer: "npm:1 - 3"
  peerDependencies:
    d3-selection: 2 - 3
  checksum: 10c0/4e74535dda7024aa43e141635b7522bb70cf9d3dfefed975eb643b36b864762eca67f88fafc2ca798174f83ca7c8a65e892624f824b3f65b8145c6a1a88dbbad
  languageName: node
  linkType: hard

"d3-zoom@npm:3, d3-zoom@npm:^3.0.0":
  version: 3.0.0
  resolution: "d3-zoom@npm:3.0.0"
  dependencies:
    d3-dispatch: "npm:1 - 3"
    d3-drag: "npm:2 - 3"
    d3-interpolate: "npm:1 - 3"
    d3-selection: "npm:2 - 3"
    d3-transition: "npm:2 - 3"
  checksum: 10c0/ee2036479049e70d8c783d594c444fe00e398246048e3f11a59755cd0e21de62ece3126181b0d7a31bf37bcf32fd726f83ae7dea4495ff86ec7736ce5ad36fd3
  languageName: node
  linkType: hard

"d3@npm:7.9.0":
  version: 7.9.0
  resolution: "d3@npm:7.9.0"
  dependencies:
    d3-array: "npm:3"
    d3-axis: "npm:3"
    d3-brush: "npm:3"
    d3-chord: "npm:3"
    d3-color: "npm:3"
    d3-contour: "npm:4"
    d3-delaunay: "npm:6"
    d3-dispatch: "npm:3"
    d3-drag: "npm:3"
    d3-dsv: "npm:3"
    d3-ease: "npm:3"
    d3-fetch: "npm:3"
    d3-force: "npm:3"
    d3-format: "npm:3"
    d3-geo: "npm:3"
    d3-hierarchy: "npm:3"
    d3-interpolate: "npm:3"
    d3-path: "npm:3"
    d3-polygon: "npm:3"
    d3-quadtree: "npm:3"
    d3-random: "npm:3"
    d3-scale: "npm:4"
    d3-scale-chromatic: "npm:3"
    d3-selection: "npm:3"
    d3-shape: "npm:3"
    d3-time: "npm:3"
    d3-time-format: "npm:4"
    d3-timer: "npm:3"
    d3-transition: "npm:3"
    d3-zoom: "npm:3"
  checksum: 10c0/3dd9c08c73cfaa69c70c49e603c85e049c3904664d9c79a1a52a0f52795828a1ff23592dc9a7b2257e711d68a615472a13103c212032f38e016d609796e087e8
  languageName: node
  linkType: hard

"delaunator@npm:5":
  version: 5.0.1
  resolution: "delaunator@npm:5.0.1"
  dependencies:
    robust-predicates: "npm:^3.0.2"
  checksum: 10c0/3d7ea4d964731c5849af33fec0a271bc6753487b331fd7d43ccb17d77834706e1c383e6ab8fda0032da955e7576d1083b9603cdaf9cbdfd6b3ebd1fb8bb675a5
  languageName: node
  linkType: hard

"emoji-regex@npm:^8.0.0":
  version: 8.0.0
  resolution: "emoji-regex@npm:8.0.0"
  checksum: 10c0/b6053ad39951c4cf338f9092d7bfba448cdfd46fe6a2a034700b149ac9ffbc137e361cbd3c442297f86bed2e5f7576c1b54cc0a6bf8ef5106cc62f496af35010
  languageName: node
  linkType: hard

"escalade@npm:^3.1.1":
  version: 3.2.0
  resolution: "escalade@npm:3.2.0"
  checksum: 10c0/ced4dd3a78e15897ed3be74e635110bbf3b08877b0a41be50dcb325ee0e0b5f65fc2d50e9845194d7c4633f327e2e1c6cce00a71b617c5673df0374201d67f65
  languageName: node
  linkType: hard

"get-caller-file@npm:^2.0.5":
  version: 2.0.5
  resolution: "get-caller-file@npm:2.0.5"
  checksum: 10c0/c6c7b60271931fa752aeb92f2b47e355eac1af3a2673f47c9589e8f8a41adc74d45551c1bc57b5e66a80609f10ffb72b6f575e4370d61cc3f7f3aaff01757cde
  languageName: node
  linkType: hard

"iconv-lite@npm:0.6":
  version: 0.6.3
  resolution: "iconv-lite@npm:0.6.3"
  dependencies:
    safer-buffer: "npm:>= 2.1.2 < 3.0.0"
  checksum: 10c0/98102bc66b33fcf5ac044099d1257ba0b7ad5e3ccd3221f34dd508ab4070edff183276221684e1e0555b145fce0850c9f7d2b60a9fcac50fbb4ea0d6e845a3b1
  languageName: node
  linkType: hard

"internmap@npm:1 - 2":
  version: 2.0.3
  resolution: "internmap@npm:2.0.3"
  checksum: 10c0/8cedd57f07bbc22501516fbfc70447f0c6812871d471096fad9ea603516eacc2137b633633daf432c029712df0baefd793686388ddf5737e3ea15074b877f7ed
  languageName: node
  linkType: hard

"is-fullwidth-code-point@npm:^3.0.0":
  version: 3.0.0
  resolution: "is-fullwidth-code-point@npm:3.0.0"
  checksum: 10c0/bb11d825e049f38e04c06373a8d72782eee0205bda9d908cc550ccb3c59b99d750ff9537982e01733c1c94a58e35400661f57042158ff5e8f3e90cf936daf0fc
  languageName: node
  linkType: hard

"require-directory@npm:^2.1.1":
  version: 2.1.1
  resolution: "require-directory@npm:2.1.1"
  checksum: 10c0/83aa76a7bc1531f68d92c75a2ca2f54f1b01463cb566cf3fbc787d0de8be30c9dbc211d1d46be3497dac5785fe296f2dd11d531945ac29730643357978966e99
  languageName: node
  linkType: hard

"robust-predicates@npm:^3.0.2":
  version: 3.0.2
  resolution: "robust-predicates@npm:3.0.2"
  checksum: 10c0/4ecd53649f1c2d49529c85518f2fa69ffb2f7a4453f7fd19c042421c7b4d76c3efb48bc1c740c8f7049346d7cb58cf08ee0c9adaae595cc23564d360adb1fde4
  languageName: node
  linkType: hard

"root-workspace-0b6124@workspace:.":
  version: 0.0.0-use.local
  resolution: "root-workspace-0b6124@workspace:."
  dependencies:
    "@hpcc-js/wasm": "npm:2.21.0"
    d3: "npm:7.9.0"
    d3-graphviz: "npm:5.6.0"
  languageName: unknown
  linkType: soft

"rw@npm:1":
  version: 1.3.3
  resolution: "rw@npm:1.3.3"
  checksum: 10c0/b1e1ef37d1e79d9dc7050787866e30b6ddcb2625149276045c262c6b4d53075ddc35f387a856a8e76f0d0df59f4cd58fe24707e40797ebee66e542b840ed6a53
  languageName: node
  linkType: hard

"safer-buffer@npm:>= 2.1.2 < 3.0.0":
  version: 2.1.2
  resolution: "safer-buffer@npm:2.1.2"
  checksum: 10c0/7e3c8b2e88a1841c9671094bbaeebd94448111dd90a81a1f606f3f67708a6ec57763b3b47f06da09fc6054193e0e6709e77325415dc8422b04497a8070fa02d4
  languageName: node
  linkType: hard

"string-width@npm:^4.1.0, string-width@npm:^4.2.0, string-width@npm:^4.2.3":
  version: 4.2.3
  resolution: "string-width@npm:4.2.3"
  dependencies:
    emoji-regex: "npm:^8.0.0"
    is-fullwidth-code-point: "npm:^3.0.0"
    strip-ansi: "npm:^6.0.1"
  checksum: 10c0/1e525e92e5eae0afd7454086eed9c818ee84374bb80328fc41217ae72ff5f065ef1c9d7f72da41de40c75fa8bb3dee63d92373fd492c84260a552c636392a47b
  languageName: node
  linkType: hard

"strip-ansi@npm:^6.0.0, strip-ansi@npm:^6.0.1":
  version: 6.0.1
  resolution: "strip-ansi@npm:6.0.1"
  dependencies:
    ansi-regex: "npm:^5.0.1"
  checksum: 10c0/1ae5f212a126fe5b167707f716942490e3933085a5ff6c008ab97ab2f272c8025d3aa218b7bd6ab25729ca20cc81cddb252102f8751e13482a5199e873680952
  languageName: node
  linkType: hard

"wrap-ansi@npm:^7.0.0":
  version: 7.0.0
  resolution: "wrap-ansi@npm:7.0.0"
  dependencies:
    ansi-styles: "npm:^4.0.0"
    string-width: "npm:^4.1.0"
    strip-ansi: "npm:^6.0.0"
  checksum: 10c0/d15fc12c11e4cbc4044a552129ebc75ee3f57aa9c1958373a4db0292d72282f54373b536103987a4a7594db1ef6a4f10acf92978f79b98c49306a4b58c77d4da
  languageName: node
  linkType: hard

"y18n@npm:^5.0.5":
  version: 5.0.8
  resolution: "y18n@npm:5.0.8"
  checksum: 10c0/4df2842c36e468590c3691c894bc9cdbac41f520566e76e24f59401ba7d8b4811eb1e34524d57e54bc6d864bcb66baab7ffd9ca42bf1eda596618f9162b91249
  languageName: node
  linkType: hard

"yargs-parser@npm:^21.1.1":
  version: 21.1.1
  resolution: "yargs-parser@npm:21.1.1"
  checksum: 10c0/f84b5e48169479d2f402239c59f084cfd1c3acc197a05c59b98bab067452e6b3ea46d4dd8ba2985ba7b3d32a343d77df0debd6b343e5dae3da2aab2cdf5886b2
  languageName: node
  linkType: hard

"yargs@npm:17.7.2":
  version: 17.7.2
  resolution: "yargs@npm:17.7.2"
  dependencies:
    cliui: "npm:^8.0.1"
    escalade: "npm:^3.1.1"
    get-caller-file: "npm:^2.0.5"
    require-directory: "npm:^2.1.1"
    string-width: "npm:^4.2.3"
    y18n: "npm:^5.0.5"
    yargs-parser: "npm:^21.1.1"
  checksum: 10c0/ccd7e723e61ad5965fffbb791366db689572b80cca80e0f96aad968dfff4156cd7cd1ad18607afe1046d8241e6fb2d6c08bf7fa7bfb5eaec818735d8feac8f05
  languageName: node
  linkType: hard
