# This file is generated by running "yarn install" inside your project.
# Manual changes might be lost - proceed with caution!

__metadata:
  version: 8
  cacheKey: 10c0

"htmx.org@npm:2.0.2":
  version: 2.0.2
  resolution: "htmx.org@npm:2.0.2"
  checksum: 10c0/ce7f969a47a7b2ce07e06b9beaaba83b60491e3500503c9e6d6183dd95fe7e1cd0d2b2efe4c79400ec5e40d9d70c51d9c283a4ebb47423ad5b12b7bfd8238eb8
  languageName: node
  linkType: hard

"root-workspace-0b6124@workspace:.":
  version: 0.0.0-use.local
  resolution: "root-workspace-0b6124@workspace:."
  dependencies:
    htmx.org: "npm:2.0.2"
  languageName: unknown
  linkType: soft
