# This file is generated by running "yarn install" inside your project.
# Manual changes might be lost - proceed with caution!

__metadata:
  version: 8
  cacheKey: 10c0

"htmx.org@npm:2.0.3":
  version: 2.0.3
  resolution: "htmx.org@npm:2.0.3"
  checksum: 10c0/81d2b7394811cf6b0ba739a22080f943f18432e40e185181266978606c5e1b26814137b34df0d2fb26ee30199026068669f21ff68c17945e1659c45e6271ccec
  languageName: node
  linkType: hard

"root-workspace-0b6124@workspace:.":
  version: 0.0.0-use.local
  resolution: "root-workspace-0b6124@workspace:."
  dependencies:
    htmx.org: "npm:2.0.3"
  languageName: unknown
  linkType: soft
